
Microsoft Visual Studio Solution File, Format Version 12.00
# Visual Studio Version 16
VisualStudioVersion = 16.0.29519.87
MinimumVisualStudioVersion = 10.0.40219.1
Project("{FAE04EC0-301F-11D3-BF4B-00C04F79EFBC}") = "RdrWMP2019", "RdrWMP\RdrWMP2019.csproj", "{7879AE6E-EEBD-432D-921A-75015493173F}"
EndProject
Global
	GlobalSection(SolutionConfigurationPlatforms) = preSolution
		Debug|Any CPU = Debug|Any CPU
		Release|Any CPU = Release|Any CPU
	EndGlobalSection
	GlobalSection(ProjectConfigurationPlatforms) = postSolution
		{7879AE6E-EEBD-432D-921A-75015493173F}.Debug|Any CPU.ActiveCfg = Debug|Any CPU
		{7879AE6E-EEBD-432D-921A-75015493173F}.Debug|Any CPU.Build.0 = Debug|Any CPU
		{7879AE6E-EEBD-432D-921A-75015493173F}.Release|Any CPU.ActiveCfg = Release|Any CPU
		{7879AE6E-EEBD-432D-921A-75015493173F}.Release|Any CPU.Build.0 = Release|Any CPU
	EndGlobalSection
	GlobalSection(SolutionProperties) = preSolution
		HideSolutionNode = FALSE
	EndGlobalSection
	GlobalSection(ExtensibilityGlobals) = postSolution
		SolutionGuid = {669D376A-14C6-4EFA-B834-F2EBB50BEBE2}
	EndGlobalSection
EndGlobal
